
Microsoft Visual Studio Solution File, Format Version 12.00
# Visual Studio Version 16
VisualStudioVersion = 16.0.30114.105
MinimumVisualStudioVersion = 10.0.40219.1
Project("{FAE04EC0-301F-11D3-BF4B-00C04F79EFBC}") = "API", "API\API.csproj", "{F94B9A26-3289-4858-90DE-FDAE44C99441}"
EndProject
Global
	GlobalSection(SolutionConfigurationPlatforms) = preSolution
		Debug|Any CPU = Debug|Any CPU
		Release|Any CPU = Release|Any CPU
	EndGlobalSection
	GlobalSection(SolutionProperties) = preSolution
		HideSolutionNode = FALSE
	EndGlobalSection
	GlobalSection(ProjectConfigurationPlatforms) = postSolution
		{F94B9A26-3289-4858-90DE-FDAE44C99441}.Debug|Any CPU.ActiveCfg = Debug|Any CPU
		{F94B9A26-3289-4858-90DE-FDAE44C99441}.Debug|Any CPU.Build.0 = Debug|Any CPU
		{F94B9A26-3289-4858-90DE-FDAE44C99441}.Release|Any CPU.ActiveCfg = Release|Any CPU
		{F94B9A26-3289-4858-90DE-FDAE44C99441}.Release|Any CPU.Build.0 = Release|Any CPU
	EndGlobalSection
EndGlobal
